
Microsoft Visual Studio Solution File, Format Version 12.00
Project("{2150E333-8FDC-42A3-9474-1A3956D46DE8}") = "Api", "Api", "{29CBC81B-B37A-4218-9D4E-206F35BABB9E}"
EndProject
Project("{2150E333-8FDC-42A3-9474-1A3956D46DE8}") = "Front", "Front", "{DE3708A9-1D77-4168-B18F-45DD29A401EB}"
EndProject
Project("{FAE04EC0-301F-11D3-BF4B-00C04F79EFBC}") = "Dto", "Dto\Dto.csproj", "{E0AC3713-C66D-4373-932A-3CB6F8C938E9}"
EndProject
Project("{FAE04EC0-301F-11D3-BF4B-00C04F79EFBC}") = "Common", "Common\Common.csproj", "{E9FCDC62-F377-48CB-AF75-D29C1E24952E}"
EndProject
Project("{FAE04EC0-301F-11D3-BF4B-00C04F79EFBC}") = "Domain", "Domain\Domain.csproj", "{7F9B4FB6-2B32-4A4B-8D5E-B0F59ED0D039}"
EndProject
Project("{FAE04EC0-301F-11D3-BF4B-00C04F79EFBC}") = "Data", "Data\Data.csproj", "{69EC1A87-5CB3-464B-A0D4-9751A8BA962A}"
EndProject
Project("{FAE04EC0-301F-11D3-BF4B-00C04F79EFBC}") = "Application", "Application\Application.csproj", "{11ADCF34-4E08-4743-995C-78AF9FA75CB4}"
EndProject
Project("{FAE04EC0-301F-11D3-BF4B-00C04F79EFBC}") = "RestApi", "RestApi\RestApi.csproj", "{474957BA-2457-49E9-9E17-34A3791322F4}"
EndProject
Project("{FAE04EC0-301F-11D3-BF4B-00C04F79EFBC}") = "Application.Test", "Application.Test\Application.Test.csproj", "{F1AFD676-B654-46E0-BBF3-67D54EA04911}"
EndProject
Global
	GlobalSection(SolutionConfigurationPlatforms) = preSolution
		Debug|Any CPU = Debug|Any CPU
		Release|Any CPU = Release|Any CPU
	EndGlobalSection
	GlobalSection(NestedProjects) = preSolution
		{E0AC3713-C66D-4373-932A-3CB6F8C938E9} = {29CBC81B-B37A-4218-9D4E-206F35BABB9E}
		{E9FCDC62-F377-48CB-AF75-D29C1E24952E} = {29CBC81B-B37A-4218-9D4E-206F35BABB9E}
		{7F9B4FB6-2B32-4A4B-8D5E-B0F59ED0D039} = {29CBC81B-B37A-4218-9D4E-206F35BABB9E}
		{69EC1A87-5CB3-464B-A0D4-9751A8BA962A} = {29CBC81B-B37A-4218-9D4E-206F35BABB9E}
		{11ADCF34-4E08-4743-995C-78AF9FA75CB4} = {29CBC81B-B37A-4218-9D4E-206F35BABB9E}
		{474957BA-2457-49E9-9E17-34A3791322F4} = {29CBC81B-B37A-4218-9D4E-206F35BABB9E}
		{F1AFD676-B654-46E0-BBF3-67D54EA04911} = {29CBC81B-B37A-4218-9D4E-206F35BABB9E}
	EndGlobalSection
	GlobalSection(ProjectConfigurationPlatforms) = postSolution
		{E0AC3713-C66D-4373-932A-3CB6F8C938E9}.Debug|Any CPU.ActiveCfg = Debug|Any CPU
		{E0AC3713-C66D-4373-932A-3CB6F8C938E9}.Debug|Any CPU.Build.0 = Debug|Any CPU
		{E0AC3713-C66D-4373-932A-3CB6F8C938E9}.Release|Any CPU.ActiveCfg = Release|Any CPU
		{E0AC3713-C66D-4373-932A-3CB6F8C938E9}.Release|Any CPU.Build.0 = Release|Any CPU
		{E9FCDC62-F377-48CB-AF75-D29C1E24952E}.Debug|Any CPU.ActiveCfg = Debug|Any CPU
		{E9FCDC62-F377-48CB-AF75-D29C1E24952E}.Debug|Any CPU.Build.0 = Debug|Any CPU
		{E9FCDC62-F377-48CB-AF75-D29C1E24952E}.Release|Any CPU.ActiveCfg = Release|Any CPU
		{E9FCDC62-F377-48CB-AF75-D29C1E24952E}.Release|Any CPU.Build.0 = Release|Any CPU
		{7F9B4FB6-2B32-4A4B-8D5E-B0F59ED0D039}.Debug|Any CPU.ActiveCfg = Debug|Any CPU
		{7F9B4FB6-2B32-4A4B-8D5E-B0F59ED0D039}.Debug|Any CPU.Build.0 = Debug|Any CPU
		{7F9B4FB6-2B32-4A4B-8D5E-B0F59ED0D039}.Release|Any CPU.ActiveCfg = Release|Any CPU
		{7F9B4FB6-2B32-4A4B-8D5E-B0F59ED0D039}.Release|Any CPU.Build.0 = Release|Any CPU
		{69EC1A87-5CB3-464B-A0D4-9751A8BA962A}.Debug|Any CPU.ActiveCfg = Debug|Any CPU
		{69EC1A87-5CB3-464B-A0D4-9751A8BA962A}.Debug|Any CPU.Build.0 = Debug|Any CPU
		{69EC1A87-5CB3-464B-A0D4-9751A8BA962A}.Release|Any CPU.ActiveCfg = Release|Any CPU
		{69EC1A87-5CB3-464B-A0D4-9751A8BA962A}.Release|Any CPU.Build.0 = Release|Any CPU
		{11ADCF34-4E08-4743-995C-78AF9FA75CB4}.Debug|Any CPU.ActiveCfg = Debug|Any CPU
		{11ADCF34-4E08-4743-995C-78AF9FA75CB4}.Debug|Any CPU.Build.0 = Debug|Any CPU
		{11ADCF34-4E08-4743-995C-78AF9FA75CB4}.Release|Any CPU.ActiveCfg = Release|Any CPU
		{11ADCF34-4E08-4743-995C-78AF9FA75CB4}.Release|Any CPU.Build.0 = Release|Any CPU
		{474957BA-2457-49E9-9E17-34A3791322F4}.Debug|Any CPU.ActiveCfg = Debug|Any CPU
		{474957BA-2457-49E9-9E17-34A3791322F4}.Debug|Any CPU.Build.0 = Debug|Any CPU
		{474957BA-2457-49E9-9E17-34A3791322F4}.Release|Any CPU.ActiveCfg = Release|Any CPU
		{474957BA-2457-49E9-9E17-34A3791322F4}.Release|Any CPU.Build.0 = Release|Any CPU
		{F1AFD676-B654-46E0-BBF3-67D54EA04911}.Debug|Any CPU.ActiveCfg = Debug|Any CPU
		{F1AFD676-B654-46E0-BBF3-67D54EA04911}.Debug|Any CPU.Build.0 = Debug|Any CPU
		{F1AFD676-B654-46E0-BBF3-67D54EA04911}.Release|Any CPU.ActiveCfg = Release|Any CPU
		{F1AFD676-B654-46E0-BBF3-67D54EA04911}.Release|Any CPU.Build.0 = Release|Any CPU
	EndGlobalSection
EndGlobal
